// !$*UTF8*$!
{
	archiveVersion = 1;
	classes = {
	};
	objectVersion = 56;
	objects = {

/* Begin PBXBuildFile section */
		B58A5FA129064F4100926816 /* ModMyIPAApp.swift in Sources */ = {isa = PBXBuildFile; fileRef = B58A5FA029064F4100926816 /* ModMyIPAApp.swift */; };
		B58A5FA329064F4100926816 /* ContentView.swift in Sources */ = {isa = PBXBuildFile; fileRef = B58A5FA229064F4100926816 /* ContentView.swift */; };
		B58A5FA529064F4300926816 /* Assets.xcassets in Resources */ = {isa = PBXBuildFile; fileRef = B58A5FA429064F4300926816 /* Assets.xcassets */; };
		B58A5FA829064F4300926816 /* Preview Assets.xcassets in Resources */ = {isa = PBXBuildFile; fileRef = B58A5FA729064F4300926816 /* Preview Assets.xcassets */; };
		B58A5FB22906500A00926816 /* InfoView.swift in Sources */ = {isa = PBXBuildFile; fileRef = B58A5FB12906500A00926816 /* InfoView.swift */; };
		B58A5FB42906501F00926816 /* MainView.swift in Sources */ = {isa = PBXBuildFile; fileRef = B58A5FB32906501F00926816 /* MainView.swift */; };
		B58A5FB62906509200926816 /* Version.swift in Sources */ = {isa = PBXBuildFile; fileRef = B58A5FB52906509200926816 /* Version.swift */; };
		B58A5FB8290653AF00926816 /* MyUserDefaults.swift in Sources */ = {isa = PBXBuildFile; fileRef = B58A5FB7290653AF00926816 /* MyUserDefaults.swift */; };
		B58A5FBA2906555000926816 /* FilePaths.swift in Sources */ = {isa = PBXBuildFile; fileRef = B58A5FB92906555000926816 /* FilePaths.swift */; };
		B58A5FBE29065DEA00926816 /* Launch Screen.storyboard in Resources */ = {isa = PBXBuildFile; fileRef = B58A5FBD29065DEA00926816 /* Launch Screen.storyboard */; };
		B58A5FC12906B12400926816 /* SetAppInfoView.swift in Sources */ = {isa = PBXBuildFile; fileRef = B58A5FC02906B12400926816 /* SetAppInfoView.swift */; };
		B58A5FC32906B15500926816 /* MyFileManager.swift in Sources */ = {isa = PBXBuildFile; fileRef = B58A5FC22906B15500926816 /* MyFileManager.swift */; };
		B58A5FC72906B89D00926816 /* ZipArchive in Frameworks */ = {isa = PBXBuildFile; productRef = B58A5FC62906B89D00926816 /* ZipArchive */; };
		B58A5FC92906BA3500926816 /* IPAFile.swift in Sources */ = {isa = PBXBuildFile; fileRef = B58A5FC82906BA3500926816 /* IPAFile.swift */; };
		B58A5FCB2906E95E00926816 /* Extensions.swift in Sources */ = {isa = PBXBuildFile; fileRef = B58A5FCA2906E95E00926816 /* Extensions.swift */; };
/* End PBXBuildFile section */

/* Begin PBXFileReference section */
		B58A5F9D29064F4100926816 /* ModMyIPA.app */ = {isa = PBXFileReference; explicitFileType = wrapper.application; includeInIndex = 0; path = ModMyIPA.app; sourceTree = BUILT_PRODUCTS_DIR; };
		B58A5FA029064F4100926816 /* ModMyIPAApp.swift */ = {isa = PBXFileReference; lastKnownFileType = sourcecode.swift; path = ModMyIPAApp.swift; sourceTree = "<group>"; };
		B58A5FA229064F4100926816 /* ContentView.swift */ = {isa = PBXFileReference; lastKnownFileType = sourcecode.swift; path = ContentView.swift; sourceTree = "<group>"; };
		B58A5FA429064F4300926816 /* Assets.xcassets */ = {isa = PBXFileReference; lastKnownFileType = folder.assetcatalog; path = Assets.xcassets; sourceTree = "<group>"; };
		B58A5FA729064F4300926816 /* Preview Assets.xcassets */ = {isa = PBXFileReference; lastKnownFileType = folder.assetcatalog; path = "Preview Assets.xcassets"; sourceTree = "<group>"; };
		B58A5FB12906500A00926816 /* InfoView.swift */ = {isa = PBXFileReference; fileEncoding = 4; lastKnownFileType = sourcecode.swift; path = InfoView.swift; sourceTree = "<group>"; };
		B58A5FB32906501F00926816 /* MainView.swift */ = {isa = PBXFileReference; lastKnownFileType = sourcecode.swift; path = MainView.swift; sourceTree = "<group>"; };
		B58A5FB52906509200926816 /* Version.swift */ = {isa = PBXFileReference; lastKnownFileType = sourcecode.swift; path = Version.swift; sourceTree = "<group>"; };
		B58A5FB7290653AF00926816 /* MyUserDefaults.swift */ = {isa = PBXFileReference; lastKnownFileType = sourcecode.swift; path = MyUserDefaults.swift; sourceTree = "<group>"; };
		B58A5FB92906555000926816 /* FilePaths.swift */ = {isa = PBXFileReference; lastKnownFileType = sourcecode.swift; path = FilePaths.swift; sourceTree = "<group>"; };
		B58A5FBD29065DEA00926816 /* Launch Screen.storyboard */ = {isa = PBXFileReference; lastKnownFileType = file.storyboard; path = "Launch Screen.storyboard"; sourceTree = "<group>"; };
		B58A5FC02906B12400926816 /* SetAppInfoView.swift */ = {isa = PBXFileReference; lastKnownFileType = sourcecode.swift; path = SetAppInfoView.swift; sourceTree = "<group>"; };
		B58A5FC22906B15500926816 /* MyFileManager.swift */ = {isa = PBXFileReference; lastKnownFileType = sourcecode.swift; path = MyFileManager.swift; sourceTree = "<group>"; };
		B58A5FC82906BA3500926816 /* IPAFile.swift */ = {isa = PBXFileReference; lastKnownFileType = sourcecode.swift; path = IPAFile.swift; sourceTree = "<group>"; };
		B58A5FCA2906E95E00926816 /* Extensions.swift */ = {isa = PBXFileReference; lastKnownFileType = sourcecode.swift; path = Extensions.swift; sourceTree = "<group>"; };
/* End PBXFileReference section */

/* Begin PBXFrameworksBuildPhase section */
		B58A5F9A29064F4100926816 /* Frameworks */ = {
			isa = PBXFrameworksBuildPhase;
			buildActionMask = 2147483647;
			files = (
				B58A5FC72906B89D00926816 /* ZipArchive in Frameworks */,
			);
			runOnlyForDeploymentPostprocessing = 0;
		};
/* End PBXFrameworksBuildPhase section */

/* Begin PBXGroup section */
		B58A5F9429064F4000926816 = {
			isa = PBXGroup;
			children = (
				B58A5F9F29064F4100926816 /* ModMyIPA */,
				B58A5F9E29064F4100926816 /* Products */,
			);
			sourceTree = "<group>";
		};
		B58A5F9E29064F4100926816 /* Products */ = {
			isa = PBXGroup;
			children = (
				B58A5F9D29064F4100926816 /* ModMyIPA.app */,
			);
			name = Products;
			sourceTree = "<group>";
		};
		B58A5F9F29064F4100926816 /* ModMyIPA */ = {
			isa = PBXGroup;
			children = (
				B58A5FA029064F4100926816 /* ModMyIPAApp.swift */,
				B58A5FA229064F4100926816 /* ContentView.swift */,
				B58A5FC42906B5BE00926816 /* Managers */,
				B58A5FBF2906AD0300926816 /* Misc */,
				B58A5FB02906500A00926816 /* Views */,
				B58A5FA429064F4300926816 /* Assets.xcassets */,
				B58A5FBD29065DEA00926816 /* Launch Screen.storyboard */,
				B58A5FA629064F4300926816 /* Preview Content */,
			);
			path = ModMyIPA;
			sourceTree = "<group>";
		};
		B58A5FA629064F4300926816 /* Preview Content */ = {
			isa = PBXGroup;
			children = (
				B58A5FA729064F4300926816 /* Preview Assets.xcassets */,
			);
			path = "Preview Content";
			sourceTree = "<group>";
		};
		B58A5FB02906500A00926816 /* Views */ = {
			isa = PBXGroup;
			children = (
				B58A5FB32906501F00926816 /* MainView.swift */,
				B58A5FC02906B12400926816 /* SetAppInfoView.swift */,
				B58A5FB12906500A00926816 /* InfoView.swift */,
			);
			name = Views;
			path = ModMyIPA/Views;
			sourceTree = SOURCE_ROOT;
		};
		B58A5FBF2906AD0300926816 /* Misc */ = {
			isa = PBXGroup;
			children = (
				B58A5FB52906509200926816 /* Version.swift */,
				B58A5FB7290653AF00926816 /* MyUserDefaults.swift */,
				B58A5FB92906555000926816 /* FilePaths.swift */,
				B58A5FCA2906E95E00926816 /* Extensions.swift */,
			);
			path = Misc;
			sourceTree = "<group>";
		};
		B58A5FC42906B5BE00926816 /* Managers */ = {
			isa = PBXGroup;
			children = (
				B58A5FC22906B15500926816 /* MyFileManager.swift */,
				B58A5FC82906BA3500926816 /* IPAFile.swift */,
			);
			path = Managers;
			sourceTree = "<group>";
		};
/* End PBXGroup section */

/* Begin PBXNativeTarget section */
		B58A5F9C29064F4100926816 /* ModMyIPA */ = {
			isa = PBXNativeTarget;
			buildConfigurationList = B58A5FAB29064F4300926816 /* Build configuration list for PBXNativeTarget "ModMyIPA" */;
			buildPhases = (
				B58A5F9929064F4100926816 /* Sources */,
				B58A5F9A29064F4100926816 /* Frameworks */,
				B58A5F9B29064F4100926816 /* Resources */,
			);
			buildRules = (
			);
			dependencies = (
			);
			name = ModMyIPA;
			packageProductDependencies = (
				B58A5FC62906B89D00926816 /* ZipArchive */,
			);
			productName = ModMyIPA;
			productReference = B58A5F9D29064F4100926816 /* ModMyIPA.app */;
			productType = "com.apple.product-type.application";
		};
/* End PBXNativeTarget section */

/* Begin PBXProject section */
		B58A5F9529064F4000926816 /* Project object */ = {
			isa = PBXProject;
			attributes = {
				BuildIndependentTargetsInParallel = 1;
				LastSwiftUpdateCheck = 1400;
				LastUpgradeCheck = 1400;
				TargetAttributes = {
					B58A5F9C29064F4100926816 = {
						CreatedOnToolsVersion = 14.0.1;
					};
				};
			};
			buildConfigurationList = B58A5F9829064F4000926816 /* Build configuration list for PBXProject "ModMyIPA" */;
			compatibilityVersion = "Xcode 14.0";
			developmentRegion = en;
			hasScannedForEncodings = 0;
			knownRegions = (
				en,
				Base,
			);
			mainGroup = B58A5F9429064F4000926816;
			packageReferences = (
				B58A5FC52906B89D00926816 /* XCRemoteSwiftPackageReference "ZipArchive" */,
			);
			productRefGroup = B58A5F9E29064F4100926816 /* Products */;
			projectDirPath = "";
			projectRoot = "";
			targets = (
				B58A5F9C29064F4100926816 /* ModMyIPA */,
			);
		};
/* End PBXProject section */

/* Begin PBXResourcesBuildPhase section */
		B58A5F9B29064F4100926816 /* Resources */ = {
			isa = PBXResourcesBuildPhase;
			buildActionMask = 2147483647;
			files = (
				B58A5FBE29065DEA00926816 /* Launch Screen.storyboard in Resources */,
				B58A5FA829064F4300926816 /* Preview Assets.xcassets in Resources */,
				B58A5FA529064F4300926816 /* Assets.xcassets in Resources */,
			);
			runOnlyForDeploymentPostprocessing = 0;
		};
/* End PBXResourcesBuildPhase section */

/* Begin PBXSourcesBuildPhase section */
		B58A5F9929064F4100926816 /* Sources */ = {
			isa = PBXSourcesBuildPhase;
			buildActionMask = 2147483647;
			files = (
				B58A5FA329064F4100926816 /* ContentView.swift in Sources */,
				B58A5FB62906509200926816 /* Version.swift in Sources */,
				B58A5FB8290653AF00926816 /* MyUserDefaults.swift in Sources */,
				B58A5FB42906501F00926816 /* MainView.swift in Sources */,
				B58A5FC92906BA3500926816 /* IPAFile.swift in Sources */,
				B58A5FBA2906555000926816 /* FilePaths.swift in Sources */,
				B58A5FB22906500A00926816 /* InfoView.swift in Sources */,
				B58A5FC32906B15500926816 /* MyFileManager.swift in Sources */,
				B58A5FC12906B12400926816 /* SetAppInfoView.swift in Sources */,
				B58A5FCB2906E95E00926816 /* Extensions.swift in Sources */,
				B58A5FA129064F4100926816 /* ModMyIPAApp.swift in Sources */,
			);
			runOnlyForDeploymentPostprocessing = 0;
		};
/* End PBXSourcesBuildPhase section */

/* Begin XCBuildConfiguration section */
		B58A5FA929064F4300926816 /* Debug */ = {
			isa = XCBuildConfiguration;
			buildSettings = {
				ALWAYS_SEARCH_USER_PATHS = NO;
				CLANG_ANALYZER_NONNULL = YES;
				CLANG_ANALYZER_NUMBER_OBJECT_CONVERSION = YES_AGGRESSIVE;
				CLANG_CXX_LANGUAGE_STANDARD = "gnu++20";
				CLANG_ENABLE_MODULES = YES;
				CLANG_ENABLE_OBJC_ARC = YES;
				CLANG_ENABLE_OBJC_WEAK = YES;
				CLANG_WARN_BLOCK_CAPTURE_AUTORELEASING = YES;
				CLANG_WARN_BOOL_CONVERSION = YES;
				CLANG_WARN_COMMA = YES;
				CLANG_WARN_CONSTANT_CONVERSION = YES;
				CLANG_WARN_DEPRECATED_OBJC_IMPLEMENTATIONS = YES;
				CLANG_WARN_DIRECT_OBJC_ISA_USAGE = YES_ERROR;
				CLANG_WARN_DOCUMENTATION_COMMENTS = YES;
				CLANG_WARN_EMPTY_BODY = YES;
				CLANG_WARN_ENUM_CONVERSION = YES;
				CLANG_WARN_INFINITE_RECURSION = YES;
				CLANG_WARN_INT_CONVERSION = YES;
				CLANG_WARN_NON_LITERAL_NULL_CONVERSION = YES;
				CLANG_WARN_OBJC_IMPLICIT_RETAIN_SELF = YES;
				CLANG_WARN_OBJC_LITERAL_CONVERSION = YES;
				CLANG_WARN_OBJC_ROOT_CLASS = YES_ERROR;
				CLANG_WARN_QUOTED_INCLUDE_IN_FRAMEWORK_HEADER = YES;
				CLANG_WARN_RANGE_LOOP_ANALYSIS = YES;
				CLANG_WARN_STRICT_PROTOTYPES = YES;
				CLANG_WARN_SUSPICIOUS_MOVE = YES;
				CLANG_WARN_UNGUARDED_AVAILABILITY = YES_AGGRESSIVE;
				CLANG_WARN_UNREACHABLE_CODE = YES;
				CLANG_WARN__DUPLICATE_METHOD_MATCH = YES;
				COPY_PHASE_STRIP = NO;
				DEBUG_INFORMATION_FORMAT = dwarf;
				ENABLE_STRICT_OBJC_MSGSEND = YES;
				ENABLE_TESTABILITY = YES;
				GCC_C_LANGUAGE_STANDARD = gnu11;
				GCC_DYNAMIC_NO_PIC = NO;
				GCC_NO_COMMON_BLOCKS = YES;
				GCC_OPTIMIZATION_LEVEL = 0;
				GCC_PREPROCESSOR_DEFINITIONS = (
					"DEBUG=1",
					"$(inherited)",
				);
				GCC_WARN_64_TO_32_BIT_CONVERSION = YES;
				GCC_WARN_ABOUT_RETURN_TYPE = YES_ERROR;
				GCC_WARN_UNDECLARED_SELECTOR = YES;
				GCC_WARN_UNINITIALIZED_AUTOS = YES_AGGRESSIVE;
				GCC_WARN_UNUSED_FUNCTION = YES;
				GCC_WARN_UNUSED_VARIABLE = YES;
				IPHONEOS_DEPLOYMENT_TARGET = 14.0;
				MTL_ENABLE_DEBUG_INFO = INCLUDE_SOURCE;
				MTL_FAST_MATH = YES;
				ONLY_ACTIVE_ARCH = YES;
				SDKROOT = iphoneos;
				SWIFT_ACTIVE_COMPILATION_CONDITIONS = DEBUG;
				SWIFT_OPTIMIZATION_LEVEL = "-Onone";
			};
			name = Debug;
		};
		B58A5FAA29064F4300926816 /* Release */ = {
			isa = XCBuildConfiguration;
			buildSettings = {
				ALWAYS_SEARCH_USER_PATHS = NO;
				CLANG_ANALYZER_NONNULL = YES;
				CLANG_ANALYZER_NUMBER_OBJECT_CONVERSION = YES_AGGRESSIVE;
				CLANG_CXX_LANGUAGE_STANDARD = "gnu++20";
				CLANG_ENABLE_MODULES = YES;
				CLANG_ENABLE_OBJC_ARC = YES;
				CLANG_ENABLE_OBJC_WEAK = YES;
				CLANG_WARN_BLOCK_CAPTURE_AUTORELEASING = YES;
				CLANG_WARN_BOOL_CONVERSION = YES;
				CLANG_WARN_COMMA = YES;
				CLANG_WARN_CONSTANT_CONVERSION = YES;
				CLANG_WARN_DEPRECATED_OBJC_IMPLEMENTATIONS = YES;
				CLANG_WARN_DIRECT_OBJC_ISA_USAGE = YES_ERROR;
				CLANG_WARN_DOCUMENTATION_COMMENTS = YES;
				CLANG_WARN_EMPTY_BODY = YES;
				CLANG_WARN_ENUM_CONVERSION = YES;
				CLANG_WARN_INFINITE_RECURSION = YES;
				CLANG_WARN_INT_CONVERSION = YES;
				CLANG_WARN_NON_LITERAL_NULL_CONVERSION = YES;
				CLANG_WARN_OBJC_IMPLICIT_RETAIN_SELF = YES;
				CLANG_WARN_OBJC_LITERAL_CONVERSION = YES;
				CLANG_WARN_OBJC_ROOT_CLASS = YES_ERROR;
				CLANG_WARN_QUOTED_INCLUDE_IN_FRAMEWORK_HEADER = YES;
				CLANG_WARN_RANGE_LOOP_ANALYSIS = YES;
				CLANG_WARN_STRICT_PROTOTYPES = YES;
				CLANG_WARN_SUSPICIOUS_MOVE = YES;
				CLANG_WARN_UNGUARDED_AVAILABILITY = YES_AGGRESSIVE;
				CLANG_WARN_UNREACHABLE_CODE = YES;
				CLANG_WARN__DUPLICATE_METHOD_MATCH = YES;
				COPY_PHASE_STRIP = NO;
				DEBUG_INFORMATION_FORMAT = "dwarf-with-dsym";
				ENABLE_NS_ASSERTIONS = NO;
				ENABLE_STRICT_OBJC_MSGSEND = YES;
				GCC_C_LANGUAGE_STANDARD = gnu11;
				GCC_NO_COMMON_BLOCKS = YES;
				GCC_WARN_64_TO_32_BIT_CONVERSION = YES;
				GCC_WARN_ABOUT_RETURN_TYPE = YES_ERROR;
				GCC_WARN_UNDECLARED_SELECTOR = YES;
				GCC_WARN_UNINITIALIZED_AUTOS = YES_AGGRESSIVE;
				GCC_WARN_UNUSED_FUNCTION = YES;
				GCC_WARN_UNUSED_VARIABLE = YES;
				IPHONEOS_DEPLOYMENT_TARGET = 14.0;
				MTL_ENABLE_DEBUG_INFO = NO;
				MTL_FAST_MATH = YES;
				SDKROOT = iphoneos;
				SWIFT_COMPILATION_MODE = wholemodule;
				SWIFT_OPTIMIZATION_LEVEL = "-O";
				VALIDATE_PRODUCT = YES;
			};
			name = Release;
		};
		B58A5FAC29064F4300926816 /* Debug */ = {
			isa = XCBuildConfiguration;
			buildSettings = {
				ASSETCATALOG_COMPILER_APPICON_NAME = AppIcon;
				ASSETCATALOG_COMPILER_GLOBAL_ACCENT_COLOR_NAME = AccentColor;
				CODE_SIGN_STYLE = Automatic;
				CURRENT_PROJECT_VERSION = 1;
				DEVELOPMENT_ASSET_PATHS = "\"ModMyIPA/Preview Content\"";
				DEVELOPMENT_TEAM = L4LN9U3ZS7;
				ENABLE_PREVIEWS = YES;
				GENERATE_INFOPLIST_FILE = YES;
				INFOPLIST_KEY_UIApplicationSceneManifest_Generation = YES;
				INFOPLIST_KEY_UIApplicationSupportsIndirectInputEvents = YES;
				INFOPLIST_KEY_UILaunchScreen_Generation = YES;
				INFOPLIST_KEY_UILaunchStoryboardName = "Launch Screen.storyboard";
				INFOPLIST_KEY_UIRequiresFullScreen = YES;
				INFOPLIST_KEY_UISupportedInterfaceOrientations_iPad = "UIInterfaceOrientationPortrait UIInterfaceOrientationPortraitUpsideDown UIInterfaceOrientationLandscapeLeft UIInterfaceOrientationLandscapeRight";
				INFOPLIST_KEY_UISupportedInterfaceOrientations_iPhone = "UIInterfaceOrientationPortrait UIInterfaceOrientationLandscapeLeft UIInterfaceOrientationLandscapeRight";
				IPHONEOS_DEPLOYMENT_TARGET = 14.0;
				LD_RUNPATH_SEARCH_PATHS = (
					"$(inherited)",
					"@executable_path/Frameworks",
				);
				MARKETING_VERSION = 1.0;
				PRODUCT_BUNDLE_IDENTIFIER = com.powen.ModMyIPA;
				PRODUCT_NAME = "$(TARGET_NAME)";
				SWIFT_EMIT_LOC_STRINGS = YES;
				SWIFT_VERSION = 5.0;
				TARGETED_DEVICE_FAMILY = "1,2";
			};
			name = Debug;
		};
		B58A5FAD29064F4300926816 /* Release */ = {
			isa = XCBuildConfiguration;
			buildSettings = {
				ASSETCATALOG_COMPILER_APPICON_NAME = AppIcon;
				ASSETCATALOG_COMPILER_GLOBAL_ACCENT_COLOR_NAME = AccentColor;
				CODE_SIGN_STYLE = Automatic;
				CURRENT_PROJECT_VERSION = 1;
				DEVELOPMENT_ASSET_PATHS = "\"ModMyIPA/Preview Content\"";
				DEVELOPMENT_TEAM = L4LN9U3ZS7;
				ENABLE_PREVIEWS = YES;
				GENERATE_INFOPLIST_FILE = YES;
				INFOPLIST_KEY_UIApplicationSceneManifest_Generation = YES;
				INFOPLIST_KEY_UIApplicationSupportsIndirectInputEvents = YES;
				INFOPLIST_KEY_UILaunchScreen_Generation = YES;
				INFOPLIST_KEY_UILaunchStoryboardName = "Launch Screen.storyboard";
				INFOPLIST_KEY_UIRequiresFullScreen = YES;
				INFOPLIST_KEY_UISupportedInterfaceOrientations_iPad = "UIInterfaceOrientationPortrait UIInterfaceOrientationPortraitUpsideDown UIInterfaceOrientationLandscapeLeft UIInterfaceOrientationLandscapeRight";
				INFOPLIST_KEY_UISupportedInterfaceOrientations_iPhone = "UIInterfaceOrientationPortrait UIInterfaceOrientationLandscapeLeft UIInterfaceOrientationLandscapeRight";
				IPHONEOS_DEPLOYMENT_TARGET = 14.0;
				LD_RUNPATH_SEARCH_PATHS = (
					"$(inherited)",
					"@executable_path/Frameworks",
				);
				MARKETING_VERSION = 1.0;
				PRODUCT_BUNDLE_IDENTIFIER = com.powen.ModMyIPA;
				PRODUCT_NAME = "$(TARGET_NAME)";
				SWIFT_EMIT_LOC_STRINGS = YES;
				SWIFT_VERSION = 5.0;
				TARGETED_DEVICE_FAMILY = "1,2";
			};
			name = Release;
		};
/* End XCBuildConfiguration section */

/* Begin XCConfigurationList section */
		B58A5F9829064F4000926816 /* Build configuration list for PBXProject "ModMyIPA" */ = {
			isa = XCConfigurationList;
			buildConfigurations = (
				B58A5FA929064F4300926816 /* Debug */,
				B58A5FAA29064F4300926816 /* Release */,
			);
			defaultConfigurationIsVisible = 0;
			defaultConfigurationName = Release;
		};
		B58A5FAB29064F4300926816 /* Build configuration list for PBXNativeTarget "ModMyIPA" */ = {
			isa = XCConfigurationList;
			buildConfigurations = (
				B58A5FAC29064F4300926816 /* Debug */,
				B58A5FAD29064F4300926816 /* Release */,
			);
			defaultConfigurationIsVisible = 0;
			defaultConfigurationName = Release;
		};
/* End XCConfigurationList section */

/* Begin XCRemoteSwiftPackageReference section */
		B58A5FC52906B89D00926816 /* XCRemoteSwiftPackageReference "ZipArchive" */ = {
			isa = XCRemoteSwiftPackageReference;
			repositoryURL = "https://github.com/ZipArchive/ZipArchive.git";
			requirement = {
				branch = master;
				kind = branch;
			};
		};
/* End XCRemoteSwiftPackageReference section */

/* Begin XCSwiftPackageProductDependency section */
		B58A5FC62906B89D00926816 /* ZipArchive */ = {
			isa = XCSwiftPackageProductDependency;
			package = B58A5FC52906B89D00926816 /* XCRemoteSwiftPackageReference "ZipArchive" */;
			productName = ZipArchive;
		};
/* End XCSwiftPackageProductDependency section */
	};
	rootObject = B58A5F9529064F4000926816 /* Project object */;
}
